
Microsoft Visual Studio Solution File, Format Version 12.00
# Visual Studio Version 17
VisualStudioVersion = 17.10.35013.160
MinimumVisualStudioVersion = 10.0.40219.1
Project("{9A19103F-16F7-4668-BE54-9A1E7A4F7556}") = "Practice", "Practice.csproj", "{48555D59-4243-44A0-BAAD-E03C178C3857}"
EndProject
Project("{9A19103F-16F7-4668-BE54-9A1E7A4F7556}") = "Decorator", "..\Decorator\Decorator.csproj", "{CFFA4B43-92C1-479A-BB32-46B9A95F69E7}"
EndProject
Project("{9A19103F-16F7-4668-BE54-9A1E7A4F7556}") = "Builder", "..\Builder\Builder.csproj", "{C2F66B93-0F42-4F59-A545-7E4984E4B9E6}"
EndProject
Project("{9A19103F-16F7-4668-BE54-9A1E7A4F7556}") = "Factory", "..\Factory\Factory.csproj", "{79A5E9DB-9B90-4DB3-8062-D2BB4BB8D647}"
EndProject
Project("{9A19103F-16F7-4668-BE54-9A1E7A4F7556}") = "Bridge", "..\Bridge\Bridge.csproj", "{BD1016D4-B47D-4FAC-8BEC-8AB0470E738A}"
EndProject
Project("{9A19103F-16F7-4668-BE54-9A1E7A4F7556}") = "Strategy", "..\Strategy\Strategy.csproj", "{DF9B6821-7DF6-463E-AA7B-63D7737FC3B8}"
EndProject
Project("{9A19103F-16F7-4668-BE54-9A1E7A4F7556}") = "Adapter", "..\Adapter\Adapter.csproj", "{550D1B28-974E-491B-8860-5F4F7C134E6A}"
EndProject
Project("{9A19103F-16F7-4668-BE54-9A1E7A4F7556}") = "Observer", "..\Facade\Observer.csproj", "{162B1957-8A7D-4CDD-90C8-FC2EDDAA1635}"
EndProject
Project("{2150E333-8FDC-42A3-9474-1A3956D46DE8}") = "Structural", "Structural", "{073AC51C-8E37-482F-923E-E62BDB519FB2}"
EndProject
Project("{2150E333-8FDC-42A3-9474-1A3956D46DE8}") = "Behavioural", "Behavioural", "{D36BB813-A316-45BF-B320-380E026ED8AE}"
EndProject
Project("{2150E333-8FDC-42A3-9474-1A3956D46DE8}") = "Creational", "Creational", "{B0E89E93-E28D-4140-9B3A-DD70DEE69302}"
EndProject
Global
	GlobalSection(SolutionConfigurationPlatforms) = preSolution
		Debug|Any CPU = Debug|Any CPU
		Release|Any CPU = Release|Any CPU
	EndGlobalSection
	GlobalSection(ProjectConfigurationPlatforms) = postSolution
		{48555D59-4243-44A0-BAAD-E03C178C3857}.Debug|Any CPU.ActiveCfg = Debug|Any CPU
		{48555D59-4243-44A0-BAAD-E03C178C3857}.Debug|Any CPU.Build.0 = Debug|Any CPU
		{48555D59-4243-44A0-BAAD-E03C178C3857}.Release|Any CPU.ActiveCfg = Release|Any CPU
		{48555D59-4243-44A0-BAAD-E03C178C3857}.Release|Any CPU.Build.0 = Release|Any CPU
		{CFFA4B43-92C1-479A-BB32-46B9A95F69E7}.Debug|Any CPU.ActiveCfg = Debug|Any CPU
		{CFFA4B43-92C1-479A-BB32-46B9A95F69E7}.Debug|Any CPU.Build.0 = Debug|Any CPU
		{CFFA4B43-92C1-479A-BB32-46B9A95F69E7}.Release|Any CPU.ActiveCfg = Release|Any CPU
		{CFFA4B43-92C1-479A-BB32-46B9A95F69E7}.Release|Any CPU.Build.0 = Release|Any CPU
		{C2F66B93-0F42-4F59-A545-7E4984E4B9E6}.Debug|Any CPU.ActiveCfg = Debug|Any CPU
		{C2F66B93-0F42-4F59-A545-7E4984E4B9E6}.Debug|Any CPU.Build.0 = Debug|Any CPU
		{C2F66B93-0F42-4F59-A545-7E4984E4B9E6}.Release|Any CPU.ActiveCfg = Release|Any CPU
		{C2F66B93-0F42-4F59-A545-7E4984E4B9E6}.Release|Any CPU.Build.0 = Release|Any CPU
		{79A5E9DB-9B90-4DB3-8062-D2BB4BB8D647}.Debug|Any CPU.ActiveCfg = Debug|Any CPU
		{79A5E9DB-9B90-4DB3-8062-D2BB4BB8D647}.Debug|Any CPU.Build.0 = Debug|Any CPU
		{79A5E9DB-9B90-4DB3-8062-D2BB4BB8D647}.Release|Any CPU.ActiveCfg = Release|Any CPU
		{79A5E9DB-9B90-4DB3-8062-D2BB4BB8D647}.Release|Any CPU.Build.0 = Release|Any CPU
		{BD1016D4-B47D-4FAC-8BEC-8AB0470E738A}.Debug|Any CPU.ActiveCfg = Debug|Any CPU
		{BD1016D4-B47D-4FAC-8BEC-8AB0470E738A}.Debug|Any CPU.Build.0 = Debug|Any CPU
		{BD1016D4-B47D-4FAC-8BEC-8AB0470E738A}.Release|Any CPU.ActiveCfg = Release|Any CPU
		{BD1016D4-B47D-4FAC-8BEC-8AB0470E738A}.Release|Any CPU.Build.0 = Release|Any CPU
		{DF9B6821-7DF6-463E-AA7B-63D7737FC3B8}.Debug|Any CPU.ActiveCfg = Debug|Any CPU
		{DF9B6821-7DF6-463E-AA7B-63D7737FC3B8}.Debug|Any CPU.Build.0 = Debug|Any CPU
		{DF9B6821-7DF6-463E-AA7B-63D7737FC3B8}.Release|Any CPU.ActiveCfg = Release|Any CPU
		{DF9B6821-7DF6-463E-AA7B-63D7737FC3B8}.Release|Any CPU.Build.0 = Release|Any CPU
		{550D1B28-974E-491B-8860-5F4F7C134E6A}.Debug|Any CPU.ActiveCfg = Debug|Any CPU
		{550D1B28-974E-491B-8860-5F4F7C134E6A}.Debug|Any CPU.Build.0 = Debug|Any CPU
		{550D1B28-974E-491B-8860-5F4F7C134E6A}.Release|Any CPU.ActiveCfg = Release|Any CPU
		{550D1B28-974E-491B-8860-5F4F7C134E6A}.Release|Any CPU.Build.0 = Release|Any CPU
		{162B1957-8A7D-4CDD-90C8-FC2EDDAA1635}.Debug|Any CPU.ActiveCfg = Debug|Any CPU
		{162B1957-8A7D-4CDD-90C8-FC2EDDAA1635}.Debug|Any CPU.Build.0 = Debug|Any CPU
		{162B1957-8A7D-4CDD-90C8-FC2EDDAA1635}.Release|Any CPU.ActiveCfg = Release|Any CPU
		{162B1957-8A7D-4CDD-90C8-FC2EDDAA1635}.Release|Any CPU.Build.0 = Release|Any CPU
	EndGlobalSection
	GlobalSection(SolutionProperties) = preSolution
		HideSolutionNode = FALSE
	EndGlobalSection
	GlobalSection(NestedProjects) = preSolution
		{CFFA4B43-92C1-479A-BB32-46B9A95F69E7} = {073AC51C-8E37-482F-923E-E62BDB519FB2}
		{C2F66B93-0F42-4F59-A545-7E4984E4B9E6} = {B0E89E93-E28D-4140-9B3A-DD70DEE69302}
		{79A5E9DB-9B90-4DB3-8062-D2BB4BB8D647} = {B0E89E93-E28D-4140-9B3A-DD70DEE69302}
		{BD1016D4-B47D-4FAC-8BEC-8AB0470E738A} = {073AC51C-8E37-482F-923E-E62BDB519FB2}
		{DF9B6821-7DF6-463E-AA7B-63D7737FC3B8} = {D36BB813-A316-45BF-B320-380E026ED8AE}
		{550D1B28-974E-491B-8860-5F4F7C134E6A} = {073AC51C-8E37-482F-923E-E62BDB519FB2}
		{162B1957-8A7D-4CDD-90C8-FC2EDDAA1635} = {D36BB813-A316-45BF-B320-380E026ED8AE}
	EndGlobalSection
	GlobalSection(ExtensibilityGlobals) = postSolution
		SolutionGuid = {7F3678F4-36E1-4171-A1E9-E282D1328C09}
	EndGlobalSection
EndGlobal
